github.com/Golangltd/websocket_old v0.0.0-20200610144724-247c619c95f9 h1:LQW2fkGeVuv+E2GDhS1hdgoqOBQNnCyRL2nbzmw3+Qk=
github.com/Golangltd/websocket_old v0.0.0-20200610144724-247c619c95f9/go.mod h1:tW2maL1TR3DftUFk26Z1IDOHHW0ZLJ7sxJmlN7xaYM8=
github.com/golang/glog v0.0.0-20160126235308-23def4e6c14b h1:VKtxabqXZkF25pY9ekfRL6a582T4P37/31XEstQ5p58=
github.com/golang/glog v0.0.0-20160126235308-23def4e6c14b/go.mod h1:SBH7ygxi8pfUlaOkMMuAQtPIUF8ecWP5IEl/CR7VP2Q=
github.com/gorilla/websocket v1.4.2 h1:+/TMaTYc4QFitKJxsQ7Yye35DkWvkdLcvGKqM+x0Ufc=
github.com/gorilla/websocket v1.4.2/go.mod h1:YR8l580nyteQvAITg2hZ9XVh4b55+EU/adAjf1fMHhE=
github.com/kataras/golog v0.0.18 h1:Td7hcKN25yzqB/0SO5iohOsMk5Mq5V9kDtM5apaJLY0=
github.com/kataras/golog v0.0.18/go.mod h1:jRYl7dFYqP8aQj9VkwdBUXYZSfUktm+YYg1arJILfyw=
github.com/kataras/pio v0.0.8 h1:6pX6nHJk7DAV3x1dEimibQF2CmJLlo0jWVmM9yE9KY8=
github.com/kataras/pio v0.0.8/go.mod h1:NFfMp2kVP1rmV4N6gH6qgWpuoDKlrOeYi3VrAIWCGsE=
github.com/mndrix/golog v0.0.0-20170330170653-a28e2a269775 h1:KPqf9x/eMg3ZnHATLXcM1OgQMNVkPUv1QcGv6zTRMRg=
github.com/mndrix/golog v0.0.0-20170330170653-a28e2a269775/go.mod h1:Q4YHYl483MNk6wwg3g8YsINpKe5S2UzUJCRSRlFaSU0=
github.com/mndrix/ps v0.0.0-20170330174427-18e65badd6ab h1:fPrYMvMnWuED0MLhLyrny1fLaHhtiXK30pNyBGrk9Gs=
github.com/mndrix/ps v0.0.0-20170330174427-18e65badd6ab/go.mod h1:dHgTaDInzkAqJv67VaX1IkK449M2UoBY68CZeI/bNCU=
golang.org/x/sys v0.0.0-20200625212154-ddb9806d33ae h1:Ih9Yo4hSPImZOpfGuA4bR/ORKTAbhZo2AbWNRCnevdo=
golang.org/x/sys v0.0.0-20200625212154-ddb9806d33ae/go.mod h1:h1NjWce9XRLGQEsW7wpKNCjG9DtNlClVuFLEZdDNbEs=
